
Microsoft Visual Studio Solution File, Format Version 12.00
# Visual Studio 15
VisualStudioVersion = 15.0.28307.1259
MinimumVisualStudioVersion = 10.0.40219.1
Project("{FAE04EC0-301F-11D3-BF4B-00C04F79EFBC}") = "Đồ án", "Đồ án.csproj", "{9DF2B9B0-C9E0-4042-9298-AC534188AEBF}"
EndProject
Global
	GlobalSection(SolutionConfigurationPlatforms) = preSolution
		Debug|Any CPU = Debug|Any CPU
		Release|Any CPU = Release|Any CPU
	EndGlobalSection
	GlobalSection(ProjectConfigurationPlatforms) = postSolution
		{9DF2B9B0-C9E0-4042-9298-AC534188AEBF}.Debug|Any CPU.ActiveCfg = Debug|Any CPU
		{9DF2B9B0-C9E0-4042-9298-AC534188AEBF}.Debug|Any CPU.Build.0 = Debug|Any CPU
		{9DF2B9B0-C9E0-4042-9298-AC534188AEBF}.Release|Any CPU.ActiveCfg = Release|Any CPU
		{9DF2B9B0-C9E0-4042-9298-AC534188AEBF}.Release|Any CPU.Build.0 = Release|Any CPU
	EndGlobalSection
	GlobalSection(SolutionProperties) = preSolution
		HideSolutionNode = FALSE
	EndGlobalSection
	GlobalSection(ExtensibilityGlobals) = postSolution
		SolutionGuid = {3D1944DA-32C5-46D4-86C9-E4135CE93A87}
	EndGlobalSection
EndGlobal
